// !$*UTF8*$!
{
	archiveVersion = 1;
	classes = {
	};
	objectVersion = 56;
	objects = {

/* Begin PBXBuildFile section */
		B513FFC229094ACC00D6C472 /* BestHand.swift in Sources */ = {isa = PBXBuildFile; fileRef = B513FFC129094ACC00D6C472 /* BestHand.swift */; };
		B513FFC42909507400D6C472 /* CardTests.swift in Sources */ = {isa = PBXBuildFile; fileRef = B513FFC32909507400D6C472 /* CardTests.swift */; };
		B513FFC6290955D900D6C472 /* HandTests.swift in Sources */ = {isa = PBXBuildFile; fileRef = B513FFC5290955D900D6C472 /* HandTests.swift */; };
		B51AFAF728FF3CD400754F3C /* PokerApp.swift in Sources */ = {isa = PBXBuildFile; fileRef = B51AFAF628FF3CD400754F3C /* PokerApp.swift */; };
		B51AFAF928FF3CD400754F3C /* ContentView.swift in Sources */ = {isa = PBXBuildFile; fileRef = B51AFAF828FF3CD400754F3C /* ContentView.swift */; };
		B51AFAFB28FF3CD700754F3C /* Assets.xcassets in Resources */ = {isa = PBXBuildFile; fileRef = B51AFAFA28FF3CD700754F3C /* Assets.xcassets */; };
		B51AFAFE28FF3CD700754F3C /* Preview Assets.xcassets in Resources */ = {isa = PBXBuildFile; fileRef = B51AFAFD28FF3CD700754F3C /* Preview Assets.xcassets */; };
		B51AFB0828FF3CD800754F3C /* PokerTests.swift in Sources */ = {isa = PBXBuildFile; fileRef = B51AFB0728FF3CD800754F3C /* PokerTests.swift */; };
		B51AFB1228FF3CD800754F3C /* PokerUITests.swift in Sources */ = {isa = PBXBuildFile; fileRef = B51AFB1128FF3CD800754F3C /* PokerUITests.swift */; };
		B51AFB1428FF3CD800754F3C /* PokerUITestsLaunchTests.swift in Sources */ = {isa = PBXBuildFile; fileRef = B51AFB1328FF3CD800754F3C /* PokerUITestsLaunchTests.swift */; };
		B51AFB2128FF502600754F3C /* CardView.swift in Sources */ = {isa = PBXBuildFile; fileRef = B51AFB2028FF502600754F3C /* CardView.swift */; };
		B51AFB2328FF7CBA00754F3C /* PlayerView.swift in Sources */ = {isa = PBXBuildFile; fileRef = B51AFB2228FF7CBA00754F3C /* PlayerView.swift */; };
		B51AFB2528FF81C600754F3C /* RiverView.swift in Sources */ = {isa = PBXBuildFile; fileRef = B51AFB2428FF81C600754F3C /* RiverView.swift */; };
		B51AFB2728FF828F00754F3C /* GameView.swift in Sources */ = {isa = PBXBuildFile; fileRef = B51AFB2628FF828F00754F3C /* GameView.swift */; };
		B51AFB2B2900189D00754F3C /* Card.swift in Sources */ = {isa = PBXBuildFile; fileRef = B51AFB2A2900189D00754F3C /* Card.swift */; };
		B51AFB2D290018B500754F3C /* Player.swift in Sources */ = {isa = PBXBuildFile; fileRef = B51AFB2C290018B500754F3C /* Player.swift */; };
		B51AFB2F290018CD00754F3C /* Rank.swift in Sources */ = {isa = PBXBuildFile; fileRef = B51AFB2E290018CD00754F3C /* Rank.swift */; };
		B51AFB31290018E300754F3C /* Suit.swift in Sources */ = {isa = PBXBuildFile; fileRef = B51AFB30290018E300754F3C /* Suit.swift */; };
		B51AFB3329001B1900754F3C /* Poker.swift in Sources */ = {isa = PBXBuildFile; fileRef = B51AFB3229001B1900754F3C /* Poker.swift */; };
		B51AFB3529001B3500754F3C /* Hand.swift in Sources */ = {isa = PBXBuildFile; fileRef = B51AFB3429001B3500754F3C /* Hand.swift */; };
		B529E5E7291A8FD500714097 /* Dealer.swift in Sources */ = {isa = PBXBuildFile; fileRef = B529E5E6291A8FD500714097 /* Dealer.swift */; };
		B529E5E9291BC19100714097 /* Deck.swift in Sources */ = {isa = PBXBuildFile; fileRef = B529E5E8291BC19100714097 /* Deck.swift */; };
		B529E5EB291BC32E00714097 /* AppState.swift in Sources */ = {isa = PBXBuildFile; fileRef = B529E5EA291BC32E00714097 /* AppState.swift */; };
		B529E5ED291BD11200714097 /* CardWrapperView.swift in Sources */ = {isa = PBXBuildFile; fileRef = B529E5EC291BD11200714097 /* CardWrapperView.swift */; };
		B529E5EF291BD40100714097 /* FlippableView.swift in Sources */ = {isa = PBXBuildFile; fileRef = B529E5EE291BD40100714097 /* FlippableView.swift */; };
		B529E5F2291BE84000714097 /* RiverPosition.swift in Sources */ = {isa = PBXBuildFile; fileRef = B529E5F1291BE84000714097 /* RiverPosition.swift */; };
		B529E5F4291BF96D00714097 /* PlayerView+ViewModel.swift in Sources */ = {isa = PBXBuildFile; fileRef = B529E5F3291BF96D00714097 /* PlayerView+ViewModel.swift */; };
		B529E5F6291BF9C800714097 /* CardView+ViewModel.swift in Sources */ = {isa = PBXBuildFile; fileRef = B529E5F5291BF9C800714097 /* CardView+ViewModel.swift */; };
		B529E5F8291BFA1A00714097 /* GameView+ViewModel.swift in Sources */ = {isa = PBXBuildFile; fileRef = B529E5F7291BFA1A00714097 /* GameView+ViewModel.swift */; };
		B529E5FA291BFA5700714097 /* RiverView+ViewModel.swift in Sources */ = {isa = PBXBuildFile; fileRef = B529E5F9291BFA5700714097 /* RiverView+ViewModel.swift */; };
		B529E5FC291D202A00714097 /* DealerTests.swift in Sources */ = {isa = PBXBuildFile; fileRef = B529E5FB291D202A00714097 /* DealerTests.swift */; };
		B529E5FF291E670200714097 /* Utility.swift in Sources */ = {isa = PBXBuildFile; fileRef = B529E5FE291E670200714097 /* Utility.swift */; };
		B529E603291E67A400714097 /* UtilityTests.swift in Sources */ = {isa = PBXBuildFile; fileRef = B529E602291E67A400714097 /* UtilityTests.swift */; };
		B5397FA829081AC100AE724A /* BestHandTests.swift in Sources */ = {isa = PBXBuildFile; fileRef = B5397FA729081AC100AE724A /* BestHandTests.swift */; };
/* End PBXBuildFile section */

/* Begin PBXContainerItemProxy section */
		B51AFB0428FF3CD800754F3C /* PBXContainerItemProxy */ = {
			isa = PBXContainerItemProxy;
			containerPortal = B51AFAEB28FF3CD300754F3C /* Project object */;
			proxyType = 1;
			remoteGlobalIDString = B51AFAF228FF3CD400754F3C;
			remoteInfo = Poker;
		};
		B51AFB0E28FF3CD800754F3C /* PBXContainerItemProxy */ = {
			isa = PBXContainerItemProxy;
			containerPortal = B51AFAEB28FF3CD300754F3C /* Project object */;
			proxyType = 1;
			remoteGlobalIDString = B51AFAF228FF3CD400754F3C;
			remoteInfo = Poker;
		};
/* End PBXContainerItemProxy section */

/* Begin PBXFileReference section */
		B513FFC129094ACC00D6C472 /* BestHand.swift */ = {isa = PBXFileReference; lastKnownFileType = sourcecode.swift; path = BestHand.swift; sourceTree = "<group>"; };
		B513FFC32909507400D6C472 /* CardTests.swift */ = {isa = PBXFileReference; lastKnownFileType = sourcecode.swift; path = CardTests.swift; sourceTree = "<group>"; };
		B513FFC5290955D900D6C472 /* HandTests.swift */ = {isa = PBXFileReference; lastKnownFileType = sourcecode.swift; path = HandTests.swift; sourceTree = "<group>"; };
		B51AFAF328FF3CD400754F3C /* Poker.app */ = {isa = PBXFileReference; explicitFileType = wrapper.application; includeInIndex = 0; path = Poker.app; sourceTree = BUILT_PRODUCTS_DIR; };
		B51AFAF628FF3CD400754F3C /* PokerApp.swift */ = {isa = PBXFileReference; lastKnownFileType = sourcecode.swift; path = PokerApp.swift; sourceTree = "<group>"; };
		B51AFAF828FF3CD400754F3C /* ContentView.swift */ = {isa = PBXFileReference; lastKnownFileType = sourcecode.swift; path = ContentView.swift; sourceTree = "<group>"; };
		B51AFAFA28FF3CD700754F3C /* Assets.xcassets */ = {isa = PBXFileReference; lastKnownFileType = folder.assetcatalog; path = Assets.xcassets; sourceTree = "<group>"; };
		B51AFAFD28FF3CD700754F3C /* Preview Assets.xcassets */ = {isa = PBXFileReference; lastKnownFileType = folder.assetcatalog; path = "Preview Assets.xcassets"; sourceTree = "<group>"; };
		B51AFB0328FF3CD800754F3C /* PokerTests.xctest */ = {isa = PBXFileReference; explicitFileType = wrapper.cfbundle; includeInIndex = 0; path = PokerTests.xctest; sourceTree = BUILT_PRODUCTS_DIR; };
		B51AFB0728FF3CD800754F3C /* PokerTests.swift */ = {isa = PBXFileReference; lastKnownFileType = sourcecode.swift; path = PokerTests.swift; sourceTree = "<group>"; };
		B51AFB0D28FF3CD800754F3C /* PokerUITests.xctest */ = {isa = PBXFileReference; explicitFileType = wrapper.cfbundle; includeInIndex = 0; path = PokerUITests.xctest; sourceTree = BUILT_PRODUCTS_DIR; };
		B51AFB1128FF3CD800754F3C /* PokerUITests.swift */ = {isa = PBXFileReference; lastKnownFileType = sourcecode.swift; path = PokerUITests.swift; sourceTree = "<group>"; };
		B51AFB1328FF3CD800754F3C /* PokerUITestsLaunchTests.swift */ = {isa = PBXFileReference; lastKnownFileType = sourcecode.swift; path = PokerUITestsLaunchTests.swift; sourceTree = "<group>"; };
		B51AFB2028FF502600754F3C /* CardView.swift */ = {isa = PBXFileReference; lastKnownFileType = sourcecode.swift; path = CardView.swift; sourceTree = "<group>"; };
		B51AFB2228FF7CBA00754F3C /* PlayerView.swift */ = {isa = PBXFileReference; lastKnownFileType = sourcecode.swift; path = PlayerView.swift; sourceTree = "<group>"; };
		B51AFB2428FF81C600754F3C /* RiverView.swift */ = {isa = PBXFileReference; lastKnownFileType = sourcecode.swift; path = RiverView.swift; sourceTree = "<group>"; };
		B51AFB2628FF828F00754F3C /* GameView.swift */ = {isa = PBXFileReference; lastKnownFileType = sourcecode.swift; path = GameView.swift; sourceTree = "<group>"; };
		B51AFB2A2900189D00754F3C /* Card.swift */ = {isa = PBXFileReference; lastKnownFileType = sourcecode.swift; path = Card.swift; sourceTree = "<group>"; };
		B51AFB2C290018B500754F3C /* Player.swift */ = {isa = PBXFileReference; lastKnownFileType = sourcecode.swift; path = Player.swift; sourceTree = "<group>"; };
		B51AFB2E290018CD00754F3C /* Rank.swift */ = {isa = PBXFileReference; lastKnownFileType = sourcecode.swift; path = Rank.swift; sourceTree = "<group>"; };
		B51AFB30290018E300754F3C /* Suit.swift */ = {isa = PBXFileReference; lastKnownFileType = sourcecode.swift; path = Suit.swift; sourceTree = "<group>"; };
		B51AFB3229001B1900754F3C /* Poker.swift */ = {isa = PBXFileReference; lastKnownFileType = sourcecode.swift; path = Poker.swift; sourceTree = "<group>"; };
		B51AFB3429001B3500754F3C /* Hand.swift */ = {isa = PBXFileReference; lastKnownFileType = sourcecode.swift; path = Hand.swift; sourceTree = "<group>"; };
		B529E5E6291A8FD500714097 /* Dealer.swift */ = {isa = PBXFileReference; lastKnownFileType = sourcecode.swift; path = Dealer.swift; sourceTree = "<group>"; };
		B529E5E8291BC19100714097 /* Deck.swift */ = {isa = PBXFileReference; lastKnownFileType = sourcecode.swift; path = Deck.swift; sourceTree = "<group>"; };
		B529E5EA291BC32E00714097 /* AppState.swift */ = {isa = PBXFileReference; lastKnownFileType = sourcecode.swift; path = AppState.swift; sourceTree = "<group>"; };
		B529E5EC291BD11200714097 /* CardWrapperView.swift */ = {isa = PBXFileReference; lastKnownFileType = sourcecode.swift; path = CardWrapperView.swift; sourceTree = "<group>"; };
		B529E5EE291BD40100714097 /* FlippableView.swift */ = {isa = PBXFileReference; lastKnownFileType = sourcecode.swift; path = FlippableView.swift; sourceTree = "<group>"; };
		B529E5F1291BE84000714097 /* RiverPosition.swift */ = {isa = PBXFileReference; lastKnownFileType = sourcecode.swift; path = RiverPosition.swift; sourceTree = "<group>"; };
		B529E5F3291BF96D00714097 /* PlayerView+ViewModel.swift */ = {isa = PBXFileReference; lastKnownFileType = sourcecode.swift; path = "PlayerView+ViewModel.swift"; sourceTree = "<group>"; };
		B529E5F5291BF9C800714097 /* CardView+ViewModel.swift */ = {isa = PBXFileReference; lastKnownFileType = sourcecode.swift; path = "CardView+ViewModel.swift"; sourceTree = "<group>"; };
		B529E5F7291BFA1A00714097 /* GameView+ViewModel.swift */ = {isa = PBXFileReference; lastKnownFileType = sourcecode.swift; path = "GameView+ViewModel.swift"; sourceTree = "<group>"; };
		B529E5F9291BFA5700714097 /* RiverView+ViewModel.swift */ = {isa = PBXFileReference; lastKnownFileType = sourcecode.swift; path = "RiverView+ViewModel.swift"; sourceTree = "<group>"; };
		B529E5FB291D202A00714097 /* DealerTests.swift */ = {isa = PBXFileReference; lastKnownFileType = sourcecode.swift; path = DealerTests.swift; sourceTree = "<group>"; };
		B529E5FE291E670200714097 /* Utility.swift */ = {isa = PBXFileReference; lastKnownFileType = sourcecode.swift; path = Utility.swift; sourceTree = "<group>"; };
		B529E602291E67A400714097 /* UtilityTests.swift */ = {isa = PBXFileReference; lastKnownFileType = sourcecode.swift; path = UtilityTests.swift; sourceTree = "<group>"; };
		B5397FA729081AC100AE724A /* BestHandTests.swift */ = {isa = PBXFileReference; lastKnownFileType = sourcecode.swift; path = BestHandTests.swift; sourceTree = "<group>"; };
/* End PBXFileReference section */

/* Begin PBXFrameworksBuildPhase section */
		B51AFAF028FF3CD400754F3C /* Frameworks */ = {
			isa = PBXFrameworksBuildPhase;
			buildActionMask = 2147483647;
			files = (
			);
			runOnlyForDeploymentPostprocessing = 0;
		};
		B51AFB0028FF3CD800754F3C /* Frameworks */ = {
			isa = PBXFrameworksBuildPhase;
			buildActionMask = 2147483647;
			files = (
			);
			runOnlyForDeploymentPostprocessing = 0;
		};
		B51AFB0A28FF3CD800754F3C /* Frameworks */ = {
			isa = PBXFrameworksBuildPhase;
			buildActionMask = 2147483647;
			files = (
			);
			runOnlyForDeploymentPostprocessing = 0;
		};
/* End PBXFrameworksBuildPhase section */

/* Begin PBXGroup section */
		B51AFAEA28FF3CD300754F3C = {
			isa = PBXGroup;
			children = (
				B51AFAF528FF3CD400754F3C /* Poker */,
				B51AFB0628FF3CD800754F3C /* PokerTests */,
				B51AFB1028FF3CD800754F3C /* PokerUITests */,
				B51AFAF428FF3CD400754F3C /* Products */,
			);
			sourceTree = "<group>";
		};
		B51AFAF428FF3CD400754F3C /* Products */ = {
			isa = PBXGroup;
			children = (
				B51AFAF328FF3CD400754F3C /* Poker.app */,
				B51AFB0328FF3CD800754F3C /* PokerTests.xctest */,
				B51AFB0D28FF3CD800754F3C /* PokerUITests.xctest */,
			);
			name = Products;
			sourceTree = "<group>";
		};
		B51AFAF528FF3CD400754F3C /* Poker */ = {
			isa = PBXGroup;
			children = (
				B51AFAF628FF3CD400754F3C /* PokerApp.swift */,
				B51AFAF828FF3CD400754F3C /* ContentView.swift */,
				B529E5EA291BC32E00714097 /* AppState.swift */,
				B529E5FD291E66F100714097 /* Models */,
				B51AFB282900102300754F3C /* Views */,
				B51AFAFA28FF3CD700754F3C /* Assets.xcassets */,
				B51AFAFC28FF3CD700754F3C /* Preview Content */,
			);
			path = Poker;
			sourceTree = "<group>";
		};
		B51AFAFC28FF3CD700754F3C /* Preview Content */ = {
			isa = PBXGroup;
			children = (
				B51AFAFD28FF3CD700754F3C /* Preview Assets.xcassets */,
			);
			path = "Preview Content";
			sourceTree = "<group>";
		};
		B51AFB0628FF3CD800754F3C /* PokerTests */ = {
			isa = PBXGroup;
			children = (
				B529E600291E676900714097 /* Models */,
			);
			path = PokerTests;
			sourceTree = "<group>";
		};
		B51AFB1028FF3CD800754F3C /* PokerUITests */ = {
			isa = PBXGroup;
			children = (
				B51AFB1128FF3CD800754F3C /* PokerUITests.swift */,
				B51AFB1328FF3CD800754F3C /* PokerUITestsLaunchTests.swift */,
			);
			path = PokerUITests;
			sourceTree = "<group>";
		};
		B51AFB282900102300754F3C /* Views */ = {
			isa = PBXGroup;
			children = (
				B51AFB2028FF502600754F3C /* CardView.swift */,
				B529E5F5291BF9C800714097 /* CardView+ViewModel.swift */,
				B529E5EC291BD11200714097 /* CardWrapperView.swift */,
				B529E5EE291BD40100714097 /* FlippableView.swift */,
				B51AFB2628FF828F00754F3C /* GameView.swift */,
				B529E5F7291BFA1A00714097 /* GameView+ViewModel.swift */,
				B51AFB2228FF7CBA00754F3C /* PlayerView.swift */,
				B529E5F3291BF96D00714097 /* PlayerView+ViewModel.swift */,
				B51AFB2428FF81C600754F3C /* RiverView.swift */,
				B529E5F9291BFA5700714097 /* RiverView+ViewModel.swift */,
			);
			path = Views;
			sourceTree = "<group>";
		};
		B51AFB29290014AE00754F3C /* Poker */ = {
			isa = PBXGroup;
			children = (
				B513FFC129094ACC00D6C472 /* BestHand.swift */,
				B51AFB2A2900189D00754F3C /* Card.swift */,
				B529E5E8291BC19100714097 /* Deck.swift */,
				B51AFB3429001B3500754F3C /* Hand.swift */,
				B51AFB2C290018B500754F3C /* Player.swift */,
				B51AFB3229001B1900754F3C /* Poker.swift */,
				B51AFB2E290018CD00754F3C /* Rank.swift */,
				B529E5F1291BE84000714097 /* RiverPosition.swift */,
				B51AFB30290018E300754F3C /* Suit.swift */,
			);
			path = Poker;
			sourceTree = "<group>";
		};
		B529E5FD291E66F100714097 /* Models */ = {
			isa = PBXGroup;
			children = (
				B529E5E6291A8FD500714097 /* Dealer.swift */,
				B51AFB29290014AE00754F3C /* Poker */,
				B529E5FE291E670200714097 /* Utility.swift */,
			);
			path = Models;
			sourceTree = "<group>";
		};
		B529E600291E676900714097 /* Models */ = {
			isa = PBXGroup;
			children = (
				B529E5FB291D202A00714097 /* DealerTests.swift */,
				B529E601291E677500714097 /* Poker */,
				B529E602291E67A400714097 /* UtilityTests.swift */,
			);
			path = Models;
			sourceTree = "<group>";
		};
		B529E601291E677500714097 /* Poker */ = {
			isa = PBXGroup;
			children = (
				B5397FA729081AC100AE724A /* BestHandTests.swift */,
				B513FFC32909507400D6C472 /* CardTests.swift */,
				B513FFC5290955D900D6C472 /* HandTests.swift */,
				B51AFB0728FF3CD800754F3C /* PokerTests.swift */,
			);
			path = Poker;
			sourceTree = "<group>";
		};
/* End PBXGroup section */

/* Begin PBXNativeTarget section */
		B51AFAF228FF3CD400754F3C /* Poker */ = {
			isa = PBXNativeTarget;
			buildConfigurationList = B51AFB1728FF3CD800754F3C /* Build configuration list for PBXNativeTarget "Poker" */;
			buildPhases = (
				B51AFAEF28FF3CD400754F3C /* Sources */,
				B51AFAF028FF3CD400754F3C /* Frameworks */,
				B51AFAF128FF3CD400754F3C /* Resources */,
			);
			buildRules = (
			);
			dependencies = (
			);
			name = Poker;
			productName = Poker;
			productReference = B51AFAF328FF3CD400754F3C /* Poker.app */;
			productType = "com.apple.product-type.application";
		};
		B51AFB0228FF3CD800754F3C /* PokerTests */ = {
			isa = PBXNativeTarget;
			buildConfigurationList = B51AFB1A28FF3CD800754F3C /* Build configuration list for PBXNativeTarget "PokerTests" */;
			buildPhases = (
				B51AFAFF28FF3CD800754F3C /* Sources */,
				B51AFB0028FF3CD800754F3C /* Frameworks */,
				B51AFB0128FF3CD800754F3C /* Resources */,
			);
			buildRules = (
			);
			dependencies = (
				B51AFB0528FF3CD800754F3C /* PBXTargetDependency */,
			);
			name = PokerTests;
			productName = PokerTests;
			productReference = B51AFB0328FF3CD800754F3C /* PokerTests.xctest */;
			productType = "com.apple.product-type.bundle.unit-test";
		};
		B51AFB0C28FF3CD800754F3C /* PokerUITests */ = {
			isa = PBXNativeTarget;
			buildConfigurationList = B51AFB1D28FF3CD800754F3C /* Build configuration list for PBXNativeTarget "PokerUITests" */;
			buildPhases = (
				B51AFB0928FF3CD800754F3C /* Sources */,
				B51AFB0A28FF3CD800754F3C /* Frameworks */,
				B51AFB0B28FF3CD800754F3C /* Resources */,
			);
			buildRules = (
			);
			dependencies = (
				B51AFB0F28FF3CD800754F3C /* PBXTargetDependency */,
			);
			name = PokerUITests;
			productName = PokerUITests;
			productReference = B51AFB0D28FF3CD800754F3C /* PokerUITests.xctest */;
			productType = "com.apple.product-type.bundle.ui-testing";
		};
/* End PBXNativeTarget section */

/* Begin PBXProject section */
		B51AFAEB28FF3CD300754F3C /* Project object */ = {
			isa = PBXProject;
			attributes = {
				BuildIndependentTargetsInParallel = 1;
				LastSwiftUpdateCheck = 1400;
				LastUpgradeCheck = 1400;
				TargetAttributes = {
					B51AFAF228FF3CD400754F3C = {
						CreatedOnToolsVersion = 14.0.1;
					};
					B51AFB0228FF3CD800754F3C = {
						CreatedOnToolsVersion = 14.0.1;
						TestTargetID = B51AFAF228FF3CD400754F3C;
					};
					B51AFB0C28FF3CD800754F3C = {
						CreatedOnToolsVersion = 14.0.1;
						TestTargetID = B51AFAF228FF3CD400754F3C;
					};
				};
			};
			buildConfigurationList = B51AFAEE28FF3CD300754F3C /* Build configuration list for PBXProject "Poker" */;
			compatibilityVersion = "Xcode 14.0";
			developmentRegion = en;
			hasScannedForEncodings = 0;
			knownRegions = (
				en,
				Base,
			);
			mainGroup = B51AFAEA28FF3CD300754F3C;
			productRefGroup = B51AFAF428FF3CD400754F3C /* Products */;
			projectDirPath = "";
			projectRoot = "";
			targets = (
				B51AFAF228FF3CD400754F3C /* Poker */,
				B51AFB0228FF3CD800754F3C /* PokerTests */,
				B51AFB0C28FF3CD800754F3C /* PokerUITests */,
			);
		};
/* End PBXProject section */

/* Begin PBXResourcesBuildPhase section */
		B51AFAF128FF3CD400754F3C /* Resources */ = {
			isa = PBXResourcesBuildPhase;
			buildActionMask = 2147483647;
			files = (
				B51AFAFE28FF3CD700754F3C /* Preview Assets.xcassets in Resources */,
				B51AFAFB28FF3CD700754F3C /* Assets.xcassets in Resources */,
			);
			runOnlyForDeploymentPostprocessing = 0;
		};
		B51AFB0128FF3CD800754F3C /* Resources */ = {
			isa = PBXResourcesBuildPhase;
			buildActionMask = 2147483647;
			files = (
			);
			runOnlyForDeploymentPostprocessing = 0;
		};
		B51AFB0B28FF3CD800754F3C /* Resources */ = {
			isa = PBXResourcesBuildPhase;
			buildActionMask = 2147483647;
			files = (
			);
			runOnlyForDeploymentPostprocessing = 0;
		};
/* End PBXResourcesBuildPhase section */

/* Begin PBXSourcesBuildPhase section */
		B51AFAEF28FF3CD400754F3C /* Sources */ = {
			isa = PBXSourcesBuildPhase;
			buildActionMask = 2147483647;
			files = (
				B51AFAF928FF3CD400754F3C /* ContentView.swift in Sources */,
				B51AFB2128FF502600754F3C /* CardView.swift in Sources */,
				B513FFC229094ACC00D6C472 /* BestHand.swift in Sources */,
				B529E5F6291BF9C800714097 /* CardView+ViewModel.swift in Sources */,
				B51AFB3529001B3500754F3C /* Hand.swift in Sources */,
				B529E5F2291BE84000714097 /* RiverPosition.swift in Sources */,
				B51AFB2B2900189D00754F3C /* Card.swift in Sources */,
				B51AFB2528FF81C600754F3C /* RiverView.swift in Sources */,
				B51AFB2D290018B500754F3C /* Player.swift in Sources */,
				B529E5F8291BFA1A00714097 /* GameView+ViewModel.swift in Sources */,
				B51AFAF728FF3CD400754F3C /* PokerApp.swift in Sources */,
				B529E5E7291A8FD500714097 /* Dealer.swift in Sources */,
				B51AFB31290018E300754F3C /* Suit.swift in Sources */,
				B529E5ED291BD11200714097 /* CardWrapperView.swift in Sources */,
				B529E5F4291BF96D00714097 /* PlayerView+ViewModel.swift in Sources */,
				B51AFB2F290018CD00754F3C /* Rank.swift in Sources */,
				B529E5FA291BFA5700714097 /* RiverView+ViewModel.swift in Sources */,
				B529E5EF291BD40100714097 /* FlippableView.swift in Sources */,
				B529E5EB291BC32E00714097 /* AppState.swift in Sources */,
				B51AFB2728FF828F00754F3C /* GameView.swift in Sources */,
				B529E5FF291E670200714097 /* Utility.swift in Sources */,
				B529E5E9291BC19100714097 /* Deck.swift in Sources */,
				B51AFB3329001B1900754F3C /* Poker.swift in Sources */,
				B51AFB2328FF7CBA00754F3C /* PlayerView.swift in Sources */,
			);
			runOnlyForDeploymentPostprocessing = 0;
		};
		B51AFAFF28FF3CD800754F3C /* Sources */ = {
			isa = PBXSourcesBuildPhase;
			buildActionMask = 2147483647;
			files = (
				B529E603291E67A400714097 /* UtilityTests.swift in Sources */,
				B513FFC6290955D900D6C472 /* HandTests.swift in Sources */,
				B513FFC42909507400D6C472 /* CardTests.swift in Sources */,
				B529E5FC291D202A00714097 /* DealerTests.swift in Sources */,
				B5397FA829081AC100AE724A /* BestHandTests.swift in Sources */,
				B51AFB0828FF3CD800754F3C /* PokerTests.swift in Sources */,
			);
			runOnlyForDeploymentPostprocessing = 0;
		};
		B51AFB0928FF3CD800754F3C /* Sources */ = {
			isa = PBXSourcesBuildPhase;
			buildActionMask = 2147483647;
			files = (
				B51AFB1428FF3CD800754F3C /* PokerUITestsLaunchTests.swift in Sources */,
				B51AFB1228FF3CD800754F3C /* PokerUITests.swift in Sources */,
			);
			runOnlyForDeploymentPostprocessing = 0;
		};
/* End PBXSourcesBuildPhase section */

/* Begin PBXTargetDependency section */
		B51AFB0528FF3CD800754F3C /* PBXTargetDependency */ = {
			isa = PBXTargetDependency;
			target = B51AFAF228FF3CD400754F3C /* Poker */;
			targetProxy = B51AFB0428FF3CD800754F3C /* PBXContainerItemProxy */;
		};
		B51AFB0F28FF3CD800754F3C /* PBXTargetDependency */ = {
			isa = PBXTargetDependency;
			target = B51AFAF228FF3CD400754F3C /* Poker */;
			targetProxy = B51AFB0E28FF3CD800754F3C /* PBXContainerItemProxy */;
		};
/* End PBXTargetDependency section */

/* Begin XCBuildConfiguration section */
		B51AFB1528FF3CD800754F3C /* Debug */ = {
			isa = XCBuildConfiguration;
			buildSettings = {
				ALWAYS_SEARCH_USER_PATHS = NO;
				CLANG_ANALYZER_NONNULL = YES;
				CLANG_ANALYZER_NUMBER_OBJECT_CONVERSION = YES_AGGRESSIVE;
				CLANG_CXX_LANGUAGE_STANDARD = "gnu++20";
				CLANG_ENABLE_MODULES = YES;
				CLANG_ENABLE_OBJC_ARC = YES;
				CLANG_ENABLE_OBJC_WEAK = YES;
				CLANG_WARN_BLOCK_CAPTURE_AUTORELEASING = YES;
				CLANG_WARN_BOOL_CONVERSION = YES;
				CLANG_WARN_COMMA = YES;
				CLANG_WARN_CONSTANT_CONVERSION = YES;
				CLANG_WARN_DEPRECATED_OBJC_IMPLEMENTATIONS = YES;
				CLANG_WARN_DIRECT_OBJC_ISA_USAGE = YES_ERROR;
				CLANG_WARN_DOCUMENTATION_COMMENTS = YES;
				CLANG_WARN_EMPTY_BODY = YES;
				CLANG_WARN_ENUM_CONVERSION = YES;
				CLANG_WARN_INFINITE_RECURSION = YES;
				CLANG_WARN_INT_CONVERSION = YES;
				CLANG_WARN_NON_LITERAL_NULL_CONVERSION = YES;
				CLANG_WARN_OBJC_IMPLICIT_RETAIN_SELF = YES;
				CLANG_WARN_OBJC_LITERAL_CONVERSION = YES;
				CLANG_WARN_OBJC_ROOT_CLASS = YES_ERROR;
				CLANG_WARN_QUOTED_INCLUDE_IN_FRAMEWORK_HEADER = YES;
				CLANG_WARN_RANGE_LOOP_ANALYSIS = YES;
				CLANG_WARN_STRICT_PROTOTYPES = YES;
				CLANG_WARN_SUSPICIOUS_MOVE = YES;
				CLANG_WARN_UNGUARDED_AVAILABILITY = YES_AGGRESSIVE;
				CLANG_WARN_UNREACHABLE_CODE = YES;
				CLANG_WARN__DUPLICATE_METHOD_MATCH = YES;
				COPY_PHASE_STRIP = NO;
				DEBUG_INFORMATION_FORMAT = dwarf;
				ENABLE_STRICT_OBJC_MSGSEND = YES;
				ENABLE_TESTABILITY = YES;
				GCC_C_LANGUAGE_STANDARD = gnu11;
				GCC_DYNAMIC_NO_PIC = NO;
				GCC_NO_COMMON_BLOCKS = YES;
				GCC_OPTIMIZATION_LEVEL = 0;
				GCC_PREPROCESSOR_DEFINITIONS = (
					"DEBUG=1",
					"$(inherited)",
				);
				GCC_WARN_64_TO_32_BIT_CONVERSION = YES;
				GCC_WARN_ABOUT_RETURN_TYPE = YES_ERROR;
				GCC_WARN_UNDECLARED_SELECTOR = YES;
				GCC_WARN_UNINITIALIZED_AUTOS = YES_AGGRESSIVE;
				GCC_WARN_UNUSED_FUNCTION = YES;
				GCC_WARN_UNUSED_VARIABLE = YES;
				IPHONEOS_DEPLOYMENT_TARGET = 16.0;
				MTL_ENABLE_DEBUG_INFO = INCLUDE_SOURCE;
				MTL_FAST_MATH = YES;
				ONLY_ACTIVE_ARCH = YES;
				SDKROOT = iphoneos;
				SWIFT_ACTIVE_COMPILATION_CONDITIONS = DEBUG;
				SWIFT_OPTIMIZATION_LEVEL = "-Onone";
			};
			name = Debug;
		};
		B51AFB1628FF3CD800754F3C /* Release */ = {
			isa = XCBuildConfiguration;
			buildSettings = {
				ALWAYS_SEARCH_USER_PATHS = NO;
				CLANG_ANALYZER_NONNULL = YES;
				CLANG_ANALYZER_NUMBER_OBJECT_CONVERSION = YES_AGGRESSIVE;
				CLANG_CXX_LANGUAGE_STANDARD = "gnu++20";
				CLANG_ENABLE_MODULES = YES;
				CLANG_ENABLE_OBJC_ARC = YES;
				CLANG_ENABLE_OBJC_WEAK = YES;
				CLANG_WARN_BLOCK_CAPTURE_AUTORELEASING = YES;
				CLANG_WARN_BOOL_CONVERSION = YES;
				CLANG_WARN_COMMA = YES;
				CLANG_WARN_CONSTANT_CONVERSION = YES;
				CLANG_WARN_DEPRECATED_OBJC_IMPLEMENTATIONS = YES;
				CLANG_WARN_DIRECT_OBJC_ISA_USAGE = YES_ERROR;
				CLANG_WARN_DOCUMENTATION_COMMENTS = YES;
				CLANG_WARN_EMPTY_BODY = YES;
				CLANG_WARN_ENUM_CONVERSION = YES;
				CLANG_WARN_INFINITE_RECURSION = YES;
				CLANG_WARN_INT_CONVERSION = YES;
				CLANG_WARN_NON_LITERAL_NULL_CONVERSION = YES;
				CLANG_WARN_OBJC_IMPLICIT_RETAIN_SELF = YES;
				CLANG_WARN_OBJC_LITERAL_CONVERSION = YES;
				CLANG_WARN_OBJC_ROOT_CLASS = YES_ERROR;
				CLANG_WARN_QUOTED_INCLUDE_IN_FRAMEWORK_HEADER = YES;
				CLANG_WARN_RANGE_LOOP_ANALYSIS = YES;
				CLANG_WARN_STRICT_PROTOTYPES = YES;
				CLANG_WARN_SUSPICIOUS_MOVE = YES;
				CLANG_WARN_UNGUARDED_AVAILABILITY = YES_AGGRESSIVE;
				CLANG_WARN_UNREACHABLE_CODE = YES;
				CLANG_WARN__DUPLICATE_METHOD_MATCH = YES;
				COPY_PHASE_STRIP = NO;
				DEBUG_INFORMATION_FORMAT = "dwarf-with-dsym";
				ENABLE_NS_ASSERTIONS = NO;
				ENABLE_STRICT_OBJC_MSGSEND = YES;
				GCC_C_LANGUAGE_STANDARD = gnu11;
				GCC_NO_COMMON_BLOCKS = YES;
				GCC_WARN_64_TO_32_BIT_CONVERSION = YES;
				GCC_WARN_ABOUT_RETURN_TYPE = YES_ERROR;
				GCC_WARN_UNDECLARED_SELECTOR = YES;
				GCC_WARN_UNINITIALIZED_AUTOS = YES_AGGRESSIVE;
				GCC_WARN_UNUSED_FUNCTION = YES;
				GCC_WARN_UNUSED_VARIABLE = YES;
				IPHONEOS_DEPLOYMENT_TARGET = 16.0;
				MTL_ENABLE_DEBUG_INFO = NO;
				MTL_FAST_MATH = YES;
				SDKROOT = iphoneos;
				SWIFT_COMPILATION_MODE = wholemodule;
				SWIFT_OPTIMIZATION_LEVEL = "-O";
				VALIDATE_PRODUCT = YES;
			};
			name = Release;
		};
		B51AFB1828FF3CD800754F3C /* Debug */ = {
			isa = XCBuildConfiguration;
			buildSettings = {
				ASSETCATALOG_COMPILER_APPICON_NAME = AppIcon;
				ASSETCATALOG_COMPILER_GLOBAL_ACCENT_COLOR_NAME = AccentColor;
				CODE_SIGN_STYLE = Automatic;
				CURRENT_PROJECT_VERSION = 1;
				DEVELOPMENT_ASSET_PATHS = "\"Poker/Preview Content\"";
				DEVELOPMENT_TEAM = SSTDKCYHQ9;
				ENABLE_PREVIEWS = YES;
				GENERATE_INFOPLIST_FILE = YES;
				INFOPLIST_KEY_UIApplicationSceneManifest_Generation = YES;
				INFOPLIST_KEY_UIApplicationSupportsIndirectInputEvents = YES;
				INFOPLIST_KEY_UILaunchScreen_Generation = YES;
				INFOPLIST_KEY_UISupportedInterfaceOrientations_iPad = "UIInterfaceOrientationPortrait UIInterfaceOrientationPortraitUpsideDown UIInterfaceOrientationLandscapeLeft UIInterfaceOrientationLandscapeRight";
				INFOPLIST_KEY_UISupportedInterfaceOrientations_iPhone = "UIInterfaceOrientationPortrait UIInterfaceOrientationLandscapeLeft UIInterfaceOrientationLandscapeRight";
				IPHONEOS_DEPLOYMENT_TARGET = 15.0;
				LD_RUNPATH_SEARCH_PATHS = (
					"$(inherited)",
					"@executable_path/Frameworks",
				);
				MARKETING_VERSION = 1.0;
				PRODUCT_BUNDLE_IDENTIFIER = inhouse23.Poker;
				PRODUCT_NAME = "$(TARGET_NAME)";
				SWIFT_EMIT_LOC_STRINGS = YES;
				SWIFT_VERSION = 5.0;
				TARGETED_DEVICE_FAMILY = "1,2";
			};
			name = Debug;
		};
		B51AFB1928FF3CD800754F3C /* Release */ = {
			isa = XCBuildConfiguration;
			buildSettings = {
				ASSETCATALOG_COMPILER_APPICON_NAME = AppIcon;
				ASSETCATALOG_COMPILER_GLOBAL_ACCENT_COLOR_NAME = AccentColor;
				CODE_SIGN_STYLE = Automatic;
				CURRENT_PROJECT_VERSION = 1;
				DEVELOPMENT_ASSET_PATHS = "\"Poker/Preview Content\"";
				DEVELOPMENT_TEAM = SSTDKCYHQ9;
				ENABLE_PREVIEWS = YES;
				GENERATE_INFOPLIST_FILE = YES;
				INFOPLIST_KEY_UIApplicationSceneManifest_Generation = YES;
				INFOPLIST_KEY_UIApplicationSupportsIndirectInputEvents = YES;
				INFOPLIST_KEY_UILaunchScreen_Generation = YES;
				INFOPLIST_KEY_UISupportedInterfaceOrientations_iPad = "UIInterfaceOrientationPortrait UIInterfaceOrientationPortraitUpsideDown UIInterfaceOrientationLandscapeLeft UIInterfaceOrientationLandscapeRight";
				INFOPLIST_KEY_UISupportedInterfaceOrientations_iPhone = "UIInterfaceOrientationPortrait UIInterfaceOrientationLandscapeLeft UIInterfaceOrientationLandscapeRight";
				IPHONEOS_DEPLOYMENT_TARGET = 15.0;
				LD_RUNPATH_SEARCH_PATHS = (
					"$(inherited)",
					"@executable_path/Frameworks",
				);
				MARKETING_VERSION = 1.0;
				PRODUCT_BUNDLE_IDENTIFIER = inhouse23.Poker;
				PRODUCT_NAME = "$(TARGET_NAME)";
				SWIFT_EMIT_LOC_STRINGS = YES;
				SWIFT_VERSION = 5.0;
				TARGETED_DEVICE_FAMILY = "1,2";
			};
			name = Release;
		};
		B51AFB1B28FF3CD800754F3C /* Debug */ = {
			isa = XCBuildConfiguration;
			buildSettings = {
				ALWAYS_EMBED_SWIFT_STANDARD_LIBRARIES = YES;
				BUNDLE_LOADER = "$(TEST_HOST)";
				CODE_SIGN_STYLE = Automatic;
				CURRENT_PROJECT_VERSION = 1;
				DEVELOPMENT_TEAM = SSTDKCYHQ9;
				GENERATE_INFOPLIST_FILE = YES;
				IPHONEOS_DEPLOYMENT_TARGET = 16.0;
				MARKETING_VERSION = 1.0;
				PRODUCT_BUNDLE_IDENTIFIER = inhouse23.PokerTests;
				PRODUCT_NAME = "$(TARGET_NAME)";
				SWIFT_EMIT_LOC_STRINGS = NO;
				SWIFT_VERSION = 5.0;
				TARGETED_DEVICE_FAMILY = "1,2";
				TEST_HOST = "$(BUILT_PRODUCTS_DIR)/Poker.app/$(BUNDLE_EXECUTABLE_FOLDER_PATH)/Poker";
			};
			name = Debug;
		};
		B51AFB1C28FF3CD800754F3C /* Release */ = {
			isa = XCBuildConfiguration;
			buildSettings = {
				ALWAYS_EMBED_SWIFT_STANDARD_LIBRARIES = YES;
				BUNDLE_LOADER = "$(TEST_HOST)";
				CODE_SIGN_STYLE = Automatic;
				CURRENT_PROJECT_VERSION = 1;
				DEVELOPMENT_TEAM = SSTDKCYHQ9;
				GENERATE_INFOPLIST_FILE = YES;
				IPHONEOS_DEPLOYMENT_TARGET = 16.0;
				MARKETING_VERSION = 1.0;
				PRODUCT_BUNDLE_IDENTIFIER = inhouse23.PokerTests;
				PRODUCT_NAME = "$(TARGET_NAME)";
				SWIFT_EMIT_LOC_STRINGS = NO;
				SWIFT_VERSION = 5.0;
				TARGETED_DEVICE_FAMILY = "1,2";
				TEST_HOST = "$(BUILT_PRODUCTS_DIR)/Poker.app/$(BUNDLE_EXECUTABLE_FOLDER_PATH)/Poker";
			};
			name = Release;
		};
		B51AFB1E28FF3CD800754F3C /* Debug */ = {
			isa = XCBuildConfiguration;
			buildSettings = {
				ALWAYS_EMBED_SWIFT_STANDARD_LIBRARIES = YES;
				CODE_SIGN_STYLE = Automatic;
				CURRENT_PROJECT_VERSION = 1;
				DEVELOPMENT_TEAM = SSTDKCYHQ9;
				GENERATE_INFOPLIST_FILE = YES;
				MARKETING_VERSION = 1.0;
				PRODUCT_BUNDLE_IDENTIFIER = inhouse23.PokerUITests;
				PRODUCT_NAME = "$(TARGET_NAME)";
				SWIFT_EMIT_LOC_STRINGS = NO;
				SWIFT_VERSION = 5.0;
				TARGETED_DEVICE_FAMILY = "1,2";
				TEST_TARGET_NAME = Poker;
			};
			name = Debug;
		};
		B51AFB1F28FF3CD800754F3C /* Release */ = {
			isa = XCBuildConfiguration;
			buildSettings = {
				ALWAYS_EMBED_SWIFT_STANDARD_LIBRARIES = YES;
				CODE_SIGN_STYLE = Automatic;
				CURRENT_PROJECT_VERSION = 1;
				DEVELOPMENT_TEAM = SSTDKCYHQ9;
				GENERATE_INFOPLIST_FILE = YES;
				MARKETING_VERSION = 1.0;
				PRODUCT_BUNDLE_IDENTIFIER = inhouse23.PokerUITests;
				PRODUCT_NAME = "$(TARGET_NAME)";
				SWIFT_EMIT_LOC_STRINGS = NO;
				SWIFT_VERSION = 5.0;
				TARGETED_DEVICE_FAMILY = "1,2";
				TEST_TARGET_NAME = Poker;
			};
			name = Release;
		};
/* End XCBuildConfiguration section */

/* Begin XCConfigurationList section */
		B51AFAEE28FF3CD300754F3C /* Build configuration list for PBXProject "Poker" */ = {
			isa = XCConfigurationList;
			buildConfigurations = (
				B51AFB1528FF3CD800754F3C /* Debug */,
				B51AFB1628FF3CD800754F3C /* Release */,
			);
			defaultConfigurationIsVisible = 0;
			defaultConfigurationName = Release;
		};
		B51AFB1728FF3CD800754F3C /* Build configuration list for PBXNativeTarget "Poker" */ = {
			isa = XCConfigurationList;
			buildConfigurations = (
				B51AFB1828FF3CD800754F3C /* Debug */,
				B51AFB1928FF3CD800754F3C /* Release */,
			);
			defaultConfigurationIsVisible = 0;
			defaultConfigurationName = Release;
		};
		B51AFB1A28FF3CD800754F3C /* Build configuration list for PBXNativeTarget "PokerTests" */ = {
			isa = XCConfigurationList;
			buildConfigurations = (
				B51AFB1B28FF3CD800754F3C /* Debug */,
				B51AFB1C28FF3CD800754F3C /* Release */,
			);
			defaultConfigurationIsVisible = 0;
			defaultConfigurationName = Release;
		};
		B51AFB1D28FF3CD800754F3C /* Build configuration list for PBXNativeTarget "PokerUITests" */ = {
			isa = XCConfigurationList;
			buildConfigurations = (
				B51AFB1E28FF3CD800754F3C /* Debug */,
				B51AFB1F28FF3CD800754F3C /* Release */,
			);
			defaultConfigurationIsVisible = 0;
			defaultConfigurationName = Release;
		};
/* End XCConfigurationList section */
	};
	rootObject = B51AFAEB28FF3CD300754F3C /* Project object */;
}
